
Microsoft Visual Studio Solution File, Format Version 12.00
# Visual Studio 15
VisualStudioVersion = 15.0.26403.7
MinimumVisualStudioVersion = 10.0.40219.1
Project("{FAE04EC0-301F-11D3-BF4B-00C04F79EFBC}") = "Julliet.Engine", "Julliet.Engine\Julliet.Engine.csproj", "{33AFD8B7-2354-45F4-A792-D8A558238C40}"
EndProject
Project("{FAE04EC0-301F-11D3-BF4B-00C04F79EFBC}") = "Julliet.Webapi", "Julliet.Webapi\Julliet.Webapi.csproj", "{FB072734-872D-4109-A423-42A755018871}"
EndProject
Global
	GlobalSection(SolutionConfigurationPlatforms) = preSolution
		Debug|Any CPU = Debug|Any CPU
		Release|Any CPU = Release|Any CPU
	EndGlobalSection
	GlobalSection(ProjectConfigurationPlatforms) = postSolution
		{33AFD8B7-2354-45F4-A792-D8A558238C40}.Debug|Any CPU.ActiveCfg = Debug|Any CPU
		{33AFD8B7-2354-45F4-A792-D8A558238C40}.Debug|Any CPU.Build.0 = Debug|Any CPU
		{33AFD8B7-2354-45F4-A792-D8A558238C40}.Release|Any CPU.ActiveCfg = Release|Any CPU
		{33AFD8B7-2354-45F4-A792-D8A558238C40}.Release|Any CPU.Build.0 = Release|Any CPU
		{FB072734-872D-4109-A423-42A755018871}.Debug|Any CPU.ActiveCfg = Debug|Any CPU
		{FB072734-872D-4109-A423-42A755018871}.Debug|Any CPU.Build.0 = Debug|Any CPU
		{FB072734-872D-4109-A423-42A755018871}.Release|Any CPU.ActiveCfg = Release|Any CPU
		{FB072734-872D-4109-A423-42A755018871}.Release|Any CPU.Build.0 = Release|Any CPU
	EndGlobalSection
	GlobalSection(SolutionProperties) = preSolution
		HideSolutionNode = FALSE
	EndGlobalSection
EndGlobal
